
Microsoft Visual Studio Solution File, Format Version 12.00
# Visual Studio Version 17
VisualStudioVersion = 17.4.33103.184
MinimumVisualStudioVersion = 10.0.40219.1
Project("{FAE04EC0-301F-11D3-BF4B-00C04F79EFBC}") = "Final1.Server", "Final1\Server\Final1.Server.csproj", "{FE0E7E48-8FBC-4F73-8140-AD0A57B2A515}"
EndProject
Project("{FAE04EC0-301F-11D3-BF4B-00C04F79EFBC}") = "Final1.Client", "Final1\Client\Final1.Client.csproj", "{6752F215-DA76-47AB-9F28-C2FA085914B5}"
EndProject
Project("{FAE04EC0-301F-11D3-BF4B-00C04F79EFBC}") = "Final1.Shared", "Final1\Shared\Final1.Shared.csproj", "{918466AC-B125-41D6-A090-3EFAB7D2917C}"
EndProject
Global
	GlobalSection(SolutionConfigurationPlatforms) = preSolution
		Debug|Any CPU = Debug|Any CPU
		Release|Any CPU = Release|Any CPU
	EndGlobalSection
	GlobalSection(ProjectConfigurationPlatforms) = postSolution
		{FE0E7E48-8FBC-4F73-8140-AD0A57B2A515}.Debug|Any CPU.ActiveCfg = Debug|Any CPU
		{FE0E7E48-8FBC-4F73-8140-AD0A57B2A515}.Debug|Any CPU.Build.0 = Debug|Any CPU
		{FE0E7E48-8FBC-4F73-8140-AD0A57B2A515}.Release|Any CPU.ActiveCfg = Release|Any CPU
		{FE0E7E48-8FBC-4F73-8140-AD0A57B2A515}.Release|Any CPU.Build.0 = Release|Any CPU
		{6752F215-DA76-47AB-9F28-C2FA085914B5}.Debug|Any CPU.ActiveCfg = Debug|Any CPU
		{6752F215-DA76-47AB-9F28-C2FA085914B5}.Debug|Any CPU.Build.0 = Debug|Any CPU
		{6752F215-DA76-47AB-9F28-C2FA085914B5}.Release|Any CPU.ActiveCfg = Release|Any CPU
		{6752F215-DA76-47AB-9F28-C2FA085914B5}.Release|Any CPU.Build.0 = Release|Any CPU
		{918466AC-B125-41D6-A090-3EFAB7D2917C}.Debug|Any CPU.ActiveCfg = Debug|Any CPU
		{918466AC-B125-41D6-A090-3EFAB7D2917C}.Debug|Any CPU.Build.0 = Debug|Any CPU
		{918466AC-B125-41D6-A090-3EFAB7D2917C}.Release|Any CPU.ActiveCfg = Release|Any CPU
		{918466AC-B125-41D6-A090-3EFAB7D2917C}.Release|Any CPU.Build.0 = Release|Any CPU
	EndGlobalSection
	GlobalSection(SolutionProperties) = preSolution
		HideSolutionNode = FALSE
	EndGlobalSection
	GlobalSection(ExtensibilityGlobals) = postSolution
		SolutionGuid = {5EC955C1-D3BA-48CA-8AB3-112C4396F7DF}
	EndGlobalSection
EndGlobal
